
Microsoft Visual Studio Solution File, Format Version 12.00
# Visual Studio Version 17
VisualStudioVersion = 17.11.35303.130
MinimumVisualStudioVersion = 10.0.40219.1
Project("{FAE04EC0-301F-11D3-BF4B-00C04F79EFBC}") = "Gestor de Proyectos", "Gestor de Proyectos\Gestor de Proyectos.csproj", "{7DCD46A9-DD50-4D89-9978-39C86048D65E}"
EndProject
Global
	GlobalSection(SolutionConfigurationPlatforms) = preSolution
		Debug|Any CPU = Debug|Any CPU
		Release|Any CPU = Release|Any CPU
	EndGlobalSection
	GlobalSection(ProjectConfigurationPlatforms) = postSolution
		{7DCD46A9-DD50-4D89-9978-39C86048D65E}.Debug|Any CPU.ActiveCfg = Debug|Any CPU
		{7DCD46A9-DD50-4D89-9978-39C86048D65E}.Debug|Any CPU.Build.0 = Debug|Any CPU
		{7DCD46A9-DD50-4D89-9978-39C86048D65E}.Release|Any CPU.ActiveCfg = Release|Any CPU
		{7DCD46A9-DD50-4D89-9978-39C86048D65E}.Release|Any CPU.Build.0 = Release|Any CPU
	EndGlobalSection
	GlobalSection(SolutionProperties) = preSolution
		HideSolutionNode = FALSE
	EndGlobalSection
	GlobalSection(ExtensibilityGlobals) = postSolution
		SolutionGuid = {9AC3E07A-863E-4D8F-A30D-9DDD8120F7F4}
	EndGlobalSection
EndGlobal
